
Microsoft Visual Studio Solution File, Format Version 12.00
# Visual Studio 15
VisualStudioVersion = 15.0.28307.572
MinimumVisualStudioVersion = 10.0.40219.1
Project("{FAE04EC0-301F-11D3-BF4B-00C04F79EFBC}") = "MISA.Mshopkeeper", "MISA.Mshopkeeper.csproj", "{05BBF93B-55BC-43DD-B48C-024EF9A9DE86}"
EndProject
Global
	GlobalSection(SolutionConfigurationPlatforms) = preSolution
		Debug|Any CPU = Debug|Any CPU
		Release|Any CPU = Release|Any CPU
	EndGlobalSection
	GlobalSection(ProjectConfigurationPlatforms) = postSolution
		{05BBF93B-55BC-43DD-B48C-024EF9A9DE86}.Debug|Any CPU.ActiveCfg = Debug|Any CPU
		{05BBF93B-55BC-43DD-B48C-024EF9A9DE86}.Debug|Any CPU.Build.0 = Debug|Any CPU
		{05BBF93B-55BC-43DD-B48C-024EF9A9DE86}.Release|Any CPU.ActiveCfg = Release|Any CPU
		{05BBF93B-55BC-43DD-B48C-024EF9A9DE86}.Release|Any CPU.Build.0 = Release|Any CPU
	EndGlobalSection
	GlobalSection(SolutionProperties) = preSolution
		HideSolutionNode = FALSE
	EndGlobalSection
	GlobalSection(ExtensibilityGlobals) = postSolution
		SolutionGuid = {907E800F-3FDD-4781-9AEF-B0ECCA6BC8E2}
	EndGlobalSection
	GlobalSection(TeamFoundationVersionControl) = preSolution
		SccNumberOfProjects = 1
		SccEnterpriseProvider = {4CA58AB2-18FA-4F8D-95D4-32DDF27D184C}
		SccTeamFoundationServer = http://tfs2015:8080/tfs/freshercollection
		SccProjectUniqueName0 = MISA.Mshopkeeper.csproj
		SccProjectName0 = .
		SccAuxPath0 = http://tfs2015:8080/tfs/freshercollection
		SccLocalPath0 = .
		SccProvider0 = {4CA58AB2-18FA-4F8D-95D4-32DDF27D184C}
	EndGlobalSection
EndGlobal
